
Microsoft Visual Studio Solution File, Format Version 12.00
# Visual Studio Version 16
VisualStudioVersion = 16.0.29920.165
MinimumVisualStudioVersion = 10.0.40219.1
Project("{FAE04EC0-301F-11D3-BF4B-00C04F79EFBC}") = "TarkovPingTester", "TarkovPingTester\TarkovPingTester.csproj", "{68C5D81B-C83F-4934-9AC5-5AEFC13CABFC}"
EndProject
Global
	GlobalSection(SolutionConfigurationPlatforms) = preSolution
		Debug|Any CPU = Debug|Any CPU
		Release|Any CPU = Release|Any CPU
	EndGlobalSection
	GlobalSection(ProjectConfigurationPlatforms) = postSolution
		{68C5D81B-C83F-4934-9AC5-5AEFC13CABFC}.Debug|Any CPU.ActiveCfg = Debug|Any CPU
		{68C5D81B-C83F-4934-9AC5-5AEFC13CABFC}.Debug|Any CPU.Build.0 = Debug|Any CPU
		{68C5D81B-C83F-4934-9AC5-5AEFC13CABFC}.Release|Any CPU.ActiveCfg = Release|Any CPU
		{68C5D81B-C83F-4934-9AC5-5AEFC13CABFC}.Release|Any CPU.Build.0 = Release|Any CPU
	EndGlobalSection
	GlobalSection(SolutionProperties) = preSolution
		HideSolutionNode = FALSE
	EndGlobalSection
	GlobalSection(ExtensibilityGlobals) = postSolution
		SolutionGuid = {48D9500B-A80B-4E59-ABC8-BC43AE66CF29}
	EndGlobalSection
EndGlobal
